
Microsoft Visual Studio Solution File, Format Version 12.00
# Visual Studio Version 16
VisualStudioVersion = 16.0.31112.23
MinimumVisualStudioVersion = 10.0.40219.1
Project("{8BC9CEB8-8B4A-11D0-8D11-00A0C91BC942}") = "ConsoleApplication1", "ConsoleApplication1\ConsoleApplication1.vcxproj", "{AA5B8892-40C9-4969-A8F5-BA1EE8FE6104}"
EndProject
Project("{8BC9CEB8-8B4A-11D0-8D11-00A0C91BC942}") = "RPG", "ConsoleApplication2\ConsoleApplication2.vcxproj", "{DAA3B678-4A4F-43B6-A37B-AF2D7A129358}"
EndProject
Project("{8BC9CEB8-8B4A-11D0-8D11-00A0C91BC942}") = "ints 'n stuff", "ints 'n stuff\ints 'n stuff.vcxproj", "{F6C25573-169F-4F5B-8969-3D4B6CE671DA}"
EndProject
Project("{8BC9CEB8-8B4A-11D0-8D11-00A0C91BC942}") = "variables and constants 'n stuff", "variables and constants 'n stuff\variables and constants 'n stuff.vcxproj", "{B46E5BB0-E279-4439-93D5-D3DCD59C6943}"
EndProject
Project("{8BC9CEB8-8B4A-11D0-8D11-00A0C91BC942}") = "a little division 'n stuff", "a little division 'n stuff\a little division 'n stuff.vcxproj", "{08B3B36C-64E1-420C-9219-BC73D934AE88}"
EndProject
Project("{8BC9CEB8-8B4A-11D0-8D11-00A0C91BC942}") = "dice and other random numbers 'n stuff", "dice and other random numbers 'n stuff\dice and other random numbers 'n stuff.vcxproj", "{EF476E80-7607-46C0-B866-1F57618F8CA3}"
EndProject
Project("{8BC9CEB8-8B4A-11D0-8D11-00A0C91BC942}") = "More random stuff 'n stuff", "More random stuff 'n stuff\More random stuff 'n stuff.vcxproj", "{1F3E1195-67B8-431A-A56B-8CB0AE9F9CD6}"
EndProject
Project("{8BC9CEB8-8B4A-11D0-8D11-00A0C91BC942}") = "Bus Charter 'n stuff", "Bus Charter 'n stuff\Bus Charter 'n stuff.vcxproj", "{C78EA0CB-0C52-4C7B-8761-DEBE7A5F8F66}"
EndProject
Project("{8BC9CEB8-8B4A-11D0-8D11-00A0C91BC942}") = "Averages 'n stuff", "Averages 'n stuff\Averages 'n stuff.vcxproj", "{DCAB13E7-B521-46DC-AB72-945B46912827}"
EndProject
Project("{8BC9CEB8-8B4A-11D0-8D11-00A0C91BC942}") = "science quiz 'n stuff", "science quiz 'n stuff\science quiz 'n stuff.vcxproj", "{F107EAAB-F008-4491-A569-B1A2CD7527AF}"
EndProject
Project("{8BC9CEB8-8B4A-11D0-8D11-00A0C91BC942}") = "switch computer programming quiz 'n stuff", "switch computer programming quiz 'n stuff\switch computer programming quiz 'n stuff.vcxproj", "{F1A8C994-7326-4648-A952-F8F7A454E081}"
EndProject
Project("{8BC9CEB8-8B4A-11D0-8D11-00A0C91BC942}") = "Choose your own adventure using if and switch 'n stuff", "Choose your own adventure using if and switch 'n stuff\Choose your own adventure using if and switch 'n stuff.vcxproj", "{246DE39C-444A-4AC5-86D5-3E598FF1C5F3}"
EndProject
Project("{8BC9CEB8-8B4A-11D0-8D11-00A0C91BC942}") = "ACSII Art 'n stuff", "ACSII Art 'n stuff\ACSII Art 'n stuff.vcxproj", "{9D503255-99F0-407F-A9C8-DF624F040CD5}"
EndProject
Project("{8BC9CEB8-8B4A-11D0-8D11-00A0C91BC942}") = "Non-looping Maze", "Non-looping Maze\Non-looping Maze.vcxproj", "{48F17357-A376-42B1-B9C4-093F1423DB4E}"
EndProject
Global
	GlobalSection(SolutionConfigurationPlatforms) = preSolution
		Debug|x64 = Debug|x64
		Debug|x86 = Debug|x86
		Release|x64 = Release|x64
		Release|x86 = Release|x86
	EndGlobalSection
	GlobalSection(ProjectConfigurationPlatforms) = postSolution
		{AA5B8892-40C9-4969-A8F5-BA1EE8FE6104}.Debug|x64.ActiveCfg = Debug|x64
		{AA5B8892-40C9-4969-A8F5-BA1EE8FE6104}.Debug|x64.Build.0 = Debug|x64
		{AA5B8892-40C9-4969-A8F5-BA1EE8FE6104}.Debug|x86.ActiveCfg = Debug|Win32
		{AA5B8892-40C9-4969-A8F5-BA1EE8FE6104}.Debug|x86.Build.0 = Debug|Win32
		{AA5B8892-40C9-4969-A8F5-BA1EE8FE6104}.Release|x64.ActiveCfg = Release|x64
		{AA5B8892-40C9-4969-A8F5-BA1EE8FE6104}.Release|x64.Build.0 = Release|x64
		{AA5B8892-40C9-4969-A8F5-BA1EE8FE6104}.Release|x86.ActiveCfg = Release|Win32
		{AA5B8892-40C9-4969-A8F5-BA1EE8FE6104}.Release|x86.Build.0 = Release|Win32
		{DAA3B678-4A4F-43B6-A37B-AF2D7A129358}.Debug|x64.ActiveCfg = Debug|x64
		{DAA3B678-4A4F-43B6-A37B-AF2D7A129358}.Debug|x64.Build.0 = Debug|x64
		{DAA3B678-4A4F-43B6-A37B-AF2D7A129358}.Debug|x86.ActiveCfg = Debug|Win32
		{DAA3B678-4A4F-43B6-A37B-AF2D7A129358}.Debug|x86.Build.0 = Debug|Win32
		{DAA3B678-4A4F-43B6-A37B-AF2D7A129358}.Release|x64.ActiveCfg = Release|x64
		{DAA3B678-4A4F-43B6-A37B-AF2D7A129358}.Release|x64.Build.0 = Release|x64
		{DAA3B678-4A4F-43B6-A37B-AF2D7A129358}.Release|x86.ActiveCfg = Release|Win32
		{DAA3B678-4A4F-43B6-A37B-AF2D7A129358}.Release|x86.Build.0 = Release|Win32
		{F6C25573-169F-4F5B-8969-3D4B6CE671DA}.Debug|x64.ActiveCfg = Debug|x64
		{F6C25573-169F-4F5B-8969-3D4B6CE671DA}.Debug|x64.Build.0 = Debug|x64
		{F6C25573-169F-4F5B-8969-3D4B6CE671DA}.Debug|x86.ActiveCfg = Debug|Win32
		{F6C25573-169F-4F5B-8969-3D4B6CE671DA}.Debug|x86.Build.0 = Debug|Win32
		{F6C25573-169F-4F5B-8969-3D4B6CE671DA}.Release|x64.ActiveCfg = Release|x64
		{F6C25573-169F-4F5B-8969-3D4B6CE671DA}.Release|x64.Build.0 = Release|x64
		{F6C25573-169F-4F5B-8969-3D4B6CE671DA}.Release|x86.ActiveCfg = Release|Win32
		{F6C25573-169F-4F5B-8969-3D4B6CE671DA}.Release|x86.Build.0 = Release|Win32
		{B46E5BB0-E279-4439-93D5-D3DCD59C6943}.Debug|x64.ActiveCfg = Debug|x64
		{B46E5BB0-E279-4439-93D5-D3DCD59C6943}.Debug|x64.Build.0 = Debug|x64
		{B46E5BB0-E279-4439-93D5-D3DCD59C6943}.Debug|x86.ActiveCfg = Debug|Win32
		{B46E5BB0-E279-4439-93D5-D3DCD59C6943}.Debug|x86.Build.0 = Debug|Win32
		{B46E5BB0-E279-4439-93D5-D3DCD59C6943}.Release|x64.ActiveCfg = Release|x64
		{B46E5BB0-E279-4439-93D5-D3DCD59C6943}.Release|x64.Build.0 = Release|x64
		{B46E5BB0-E279-4439-93D5-D3DCD59C6943}.Release|x86.ActiveCfg = Release|Win32
		{B46E5BB0-E279-4439-93D5-D3DCD59C6943}.Release|x86.Build.0 = Release|Win32
		{08B3B36C-64E1-420C-9219-BC73D934AE88}.Debug|x64.ActiveCfg = Debug|x64
		{08B3B36C-64E1-420C-9219-BC73D934AE88}.Debug|x64.Build.0 = Debug|x64
		{08B3B36C-64E1-420C-9219-BC73D934AE88}.Debug|x86.ActiveCfg = Debug|Win32
		{08B3B36C-64E1-420C-9219-BC73D934AE88}.Debug|x86.Build.0 = Debug|Win32
		{08B3B36C-64E1-420C-9219-BC73D934AE88}.Release|x64.ActiveCfg = Release|x64
		{08B3B36C-64E1-420C-9219-BC73D934AE88}.Release|x64.Build.0 = Release|x64
		{08B3B36C-64E1-420C-9219-BC73D934AE88}.Release|x86.ActiveCfg = Release|Win32
		{08B3B36C-64E1-420C-9219-BC73D934AE88}.Release|x86.Build.0 = Release|Win32
		{EF476E80-7607-46C0-B866-1F57618F8CA3}.Debug|x64.ActiveCfg = Debug|x64
		{EF476E80-7607-46C0-B866-1F57618F8CA3}.Debug|x64.Build.0 = Debug|x64
		{EF476E80-7607-46C0-B866-1F57618F8CA3}.Debug|x86.ActiveCfg = Debug|Win32
		{EF476E80-7607-46C0-B866-1F57618F8CA3}.Debug|x86.Build.0 = Debug|Win32
		{EF476E80-7607-46C0-B866-1F57618F8CA3}.Release|x64.ActiveCfg = Release|x64
		{EF476E80-7607-46C0-B866-1F57618F8CA3}.Release|x64.Build.0 = Release|x64
		{EF476E80-7607-46C0-B866-1F57618F8CA3}.Release|x86.ActiveCfg = Release|Win32
		{EF476E80-7607-46C0-B866-1F57618F8CA3}.Release|x86.Build.0 = Release|Win32
		{1F3E1195-67B8-431A-A56B-8CB0AE9F9CD6}.Debug|x64.ActiveCfg = Debug|x64
		{1F3E1195-67B8-431A-A56B-8CB0AE9F9CD6}.Debug|x64.Build.0 = Debug|x64
		{1F3E1195-67B8-431A-A56B-8CB0AE9F9CD6}.Debug|x86.ActiveCfg = Debug|Win32
		{1F3E1195-67B8-431A-A56B-8CB0AE9F9CD6}.Debug|x86.Build.0 = Debug|Win32
		{1F3E1195-67B8-431A-A56B-8CB0AE9F9CD6}.Release|x64.ActiveCfg = Release|x64
		{1F3E1195-67B8-431A-A56B-8CB0AE9F9CD6}.Release|x64.Build.0 = Release|x64
		{1F3E1195-67B8-431A-A56B-8CB0AE9F9CD6}.Release|x86.ActiveCfg = Release|Win32
		{1F3E1195-67B8-431A-A56B-8CB0AE9F9CD6}.Release|x86.Build.0 = Release|Win32
		{C78EA0CB-0C52-4C7B-8761-DEBE7A5F8F66}.Debug|x64.ActiveCfg = Debug|x64
		{C78EA0CB-0C52-4C7B-8761-DEBE7A5F8F66}.Debug|x64.Build.0 = Debug|x64
		{C78EA0CB-0C52-4C7B-8761-DEBE7A5F8F66}.Debug|x86.ActiveCfg = Debug|Win32
		{C78EA0CB-0C52-4C7B-8761-DEBE7A5F8F66}.Debug|x86.Build.0 = Debug|Win32
		{C78EA0CB-0C52-4C7B-8761-DEBE7A5F8F66}.Release|x64.ActiveCfg = Release|x64
		{C78EA0CB-0C52-4C7B-8761-DEBE7A5F8F66}.Release|x64.Build.0 = Release|x64
		{C78EA0CB-0C52-4C7B-8761-DEBE7A5F8F66}.Release|x86.ActiveCfg = Release|Win32
		{C78EA0CB-0C52-4C7B-8761-DEBE7A5F8F66}.Release|x86.Build.0 = Release|Win32
		{DCAB13E7-B521-46DC-AB72-945B46912827}.Debug|x64.ActiveCfg = Debug|x64
		{DCAB13E7-B521-46DC-AB72-945B46912827}.Debug|x64.Build.0 = Debug|x64
		{DCAB13E7-B521-46DC-AB72-945B46912827}.Debug|x86.ActiveCfg = Debug|Win32
		{DCAB13E7-B521-46DC-AB72-945B46912827}.Debug|x86.Build.0 = Debug|Win32
		{DCAB13E7-B521-46DC-AB72-945B46912827}.Release|x64.ActiveCfg = Release|x64
		{DCAB13E7-B521-46DC-AB72-945B46912827}.Release|x64.Build.0 = Release|x64
		{DCAB13E7-B521-46DC-AB72-945B46912827}.Release|x86.ActiveCfg = Release|Win32
		{DCAB13E7-B521-46DC-AB72-945B46912827}.Release|x86.Build.0 = Release|Win32
		{F107EAAB-F008-4491-A569-B1A2CD7527AF}.Debug|x64.ActiveCfg = Debug|x64
		{F107EAAB-F008-4491-A569-B1A2CD7527AF}.Debug|x64.Build.0 = Debug|x64
		{F107EAAB-F008-4491-A569-B1A2CD7527AF}.Debug|x86.ActiveCfg = Debug|Win32
		{F107EAAB-F008-4491-A569-B1A2CD7527AF}.Debug|x86.Build.0 = Debug|Win32
		{F107EAAB-F008-4491-A569-B1A2CD7527AF}.Release|x64.ActiveCfg = Release|x64
		{F107EAAB-F008-4491-A569-B1A2CD7527AF}.Release|x64.Build.0 = Release|x64
		{F107EAAB-F008-4491-A569-B1A2CD7527AF}.Release|x86.ActiveCfg = Release|Win32
		{F107EAAB-F008-4491-A569-B1A2CD7527AF}.Release|x86.Build.0 = Release|Win32
		{F1A8C994-7326-4648-A952-F8F7A454E081}.Debug|x64.ActiveCfg = Debug|x64
		{F1A8C994-7326-4648-A952-F8F7A454E081}.Debug|x64.Build.0 = Debug|x64
		{F1A8C994-7326-4648-A952-F8F7A454E081}.Debug|x86.ActiveCfg = Debug|Win32
		{F1A8C994-7326-4648-A952-F8F7A454E081}.Debug|x86.Build.0 = Debug|Win32
		{F1A8C994-7326-4648-A952-F8F7A454E081}.Release|x64.ActiveCfg = Release|x64
		{F1A8C994-7326-4648-A952-F8F7A454E081}.Release|x64.Build.0 = Release|x64
		{F1A8C994-7326-4648-A952-F8F7A454E081}.Release|x86.ActiveCfg = Release|Win32
		{F1A8C994-7326-4648-A952-F8F7A454E081}.Release|x86.Build.0 = Release|Win32
		{246DE39C-444A-4AC5-86D5-3E598FF1C5F3}.Debug|x64.ActiveCfg = Debug|x64
		{246DE39C-444A-4AC5-86D5-3E598FF1C5F3}.Debug|x64.Build.0 = Debug|x64
		{246DE39C-444A-4AC5-86D5-3E598FF1C5F3}.Debug|x86.ActiveCfg = Debug|Win32
		{246DE39C-444A-4AC5-86D5-3E598FF1C5F3}.Debug|x86.Build.0 = Debug|Win32
		{246DE39C-444A-4AC5-86D5-3E598FF1C5F3}.Release|x64.ActiveCfg = Release|x64
		{246DE39C-444A-4AC5-86D5-3E598FF1C5F3}.Release|x64.Build.0 = Release|x64
		{246DE39C-444A-4AC5-86D5-3E598FF1C5F3}.Release|x86.ActiveCfg = Release|Win32
		{246DE39C-444A-4AC5-86D5-3E598FF1C5F3}.Release|x86.Build.0 = Release|Win32
		{9D503255-99F0-407F-A9C8-DF624F040CD5}.Debug|x64.ActiveCfg = Debug|x64
		{9D503255-99F0-407F-A9C8-DF624F040CD5}.Debug|x64.Build.0 = Debug|x64
		{9D503255-99F0-407F-A9C8-DF624F040CD5}.Debug|x86.ActiveCfg = Debug|Win32
		{9D503255-99F0-407F-A9C8-DF624F040CD5}.Debug|x86.Build.0 = Debug|Win32
		{9D503255-99F0-407F-A9C8-DF624F040CD5}.Release|x64.ActiveCfg = Release|x64
		{9D503255-99F0-407F-A9C8-DF624F040CD5}.Release|x64.Build.0 = Release|x64
		{9D503255-99F0-407F-A9C8-DF624F040CD5}.Release|x86.ActiveCfg = Release|Win32
		{9D503255-99F0-407F-A9C8-DF624F040CD5}.Release|x86.Build.0 = Release|Win32
		{48F17357-A376-42B1-B9C4-093F1423DB4E}.Debug|x64.ActiveCfg = Debug|x64
		{48F17357-A376-42B1-B9C4-093F1423DB4E}.Debug|x64.Build.0 = Debug|x64
		{48F17357-A376-42B1-B9C4-093F1423DB4E}.Debug|x86.ActiveCfg = Debug|Win32
		{48F17357-A376-42B1-B9C4-093F1423DB4E}.Debug|x86.Build.0 = Debug|Win32
		{48F17357-A376-42B1-B9C4-093F1423DB4E}.Release|x64.ActiveCfg = Release|x64
		{48F17357-A376-42B1-B9C4-093F1423DB4E}.Release|x64.Build.0 = Release|x64
		{48F17357-A376-42B1-B9C4-093F1423DB4E}.Release|x86.ActiveCfg = Release|Win32
		{48F17357-A376-42B1-B9C4-093F1423DB4E}.Release|x86.Build.0 = Release|Win32
	EndGlobalSection
	GlobalSection(SolutionProperties) = preSolution
		HideSolutionNode = FALSE
	EndGlobalSection
	GlobalSection(ExtensibilityGlobals) = postSolution
		SolutionGuid = {2879D413-FE4C-4051-A846-2FA3EA355517}
	EndGlobalSection
EndGlobal
