
Microsoft Visual Studio Solution File, Format Version 12.00
# Visual Studio Version 16
VisualStudioVersion = 16.0.31112.23
MinimumVisualStudioVersion = 10.0.40219.1
Project("{8BC9CEB8-8B4A-11D0-8D11-00A0C91BC942}") = "ConsoleApplication1", "ConsoleApplication1\ConsoleApplication1.vcxproj", "{AA5B8892-40C9-4969-A8F5-BA1EE8FE6104}"
EndProject
Project("{8BC9CEB8-8B4A-11D0-8D11-00A0C91BC942}") = "RPG", "ConsoleApplication2\ConsoleApplication2.vcxproj", "{DAA3B678-4A4F-43B6-A37B-AF2D7A129358}"
EndProject
Project("{8BC9CEB8-8B4A-11D0-8D11-00A0C91BC942}") = "ints 'n stuff", "ints 'n stuff\ints 'n stuff.vcxproj", "{F6C25573-169F-4F5B-8969-3D4B6CE671DA}"
EndProject
Project("{8BC9CEB8-8B4A-11D0-8D11-00A0C91BC942}") = "variables and constants 'n stuff", "variables and constants 'n stuff\variables and constants 'n stuff.vcxproj", "{B46E5BB0-E279-4439-93D5-D3DCD59C6943}"
EndProject
Project("{8BC9CEB8-8B4A-11D0-8D11-00A0C91BC942}") = "a little division 'n stuff", "a little division 'n stuff\a little division 'n stuff.vcxproj", "{08B3B36C-64E1-420C-9219-BC73D934AE88}"
EndProject
Project("{8BC9CEB8-8B4A-11D0-8D11-00A0C91BC942}") = "dice and other random numbers 'n stuff", "dice and other random numbers 'n stuff\dice and other random numbers 'n stuff.vcxproj", "{EF476E80-7607-46C0-B866-1F57618F8CA3}"
EndProject
Project("{8BC9CEB8-8B4A-11D0-8D11-00A0C91BC942}") = "More random stuff 'n stuff", "More random stuff 'n stuff\More random stuff 'n stuff.vcxproj", "{1F3E1195-67B8-431A-A56B-8CB0AE9F9CD6}"
EndProject
Project("{8BC9CEB8-8B4A-11D0-8D11-00A0C91BC942}") = "Bus Charter 'n stuff", "Bus Charter 'n stuff\Bus Charter 'n stuff.vcxproj", "{C78EA0CB-0C52-4C7B-8761-DEBE7A5F8F66}"
EndProject
Project("{8BC9CEB8-8B4A-11D0-8D11-00A0C91BC942}") = "Averages 'n stuff", "Averages 'n stuff\Averages 'n stuff.vcxproj", "{DCAB13E7-B521-46DC-AB72-945B46912827}"
EndProject
Project("{8BC9CEB8-8B4A-11D0-8D11-00A0C91BC942}") = "science quiz 'n stuff", "science quiz 'n stuff\science quiz 'n stuff.vcxproj", "{F107EAAB-F008-4491-A569-B1A2CD7527AF}"
EndProject
Project("{8BC9CEB8-8B4A-11D0-8D11-00A0C91BC942}") = "switch computer programming quiz 'n stuff", "switch computer programming quiz 'n stuff\switch computer programming quiz 'n stuff.vcxproj", "{F1A8C994-7326-4648-A952-F8F7A454E081}"
EndProject
Project("{8BC9CEB8-8B4A-11D0-8D11-00A0C91BC942}") = "Choose your own adventure using if and switch 'n stuff", "Choose your own adventure using if and switch 'n stuff\Choose your own adventure using if and switch 'n stuff.vcxproj", "{246DE39C-444A-4AC5-86D5-3E598FF1C5F3}"
EndProject
Project("{8BC9CEB8-8B4A-11D0-8D11-00A0C91BC942}") = "ACSII Art 'n stuff", "ACSII Art 'n stuff\ACSII Art 'n stuff.vcxproj", "{9D503255-99F0-407F-A9C8-DF624F040CD5}"
EndProject
Project("{8BC9CEB8-8B4A-11D0-8D11-00A0C91BC942}") = "Non-looping Maze", "Non-looping Maze\Non-looping Maze.vcxproj", "{48F17357-A376-42B1-B9C4-093F1423DB4E}"
EndProject
Project("{8BC9CEB8-8B4A-11D0-8D11-00A0C91BC942}") = "looping quiz 'n stuff", "looping quiz 'n stuff\looping quiz 'n stuff.vcxproj", "{22F049F1-DD7F-4F26-A347-EADE0D91E93B}"
EndProject
Project("{8BC9CEB8-8B4A-11D0-8D11-00A0C91BC942}") = "convert to roman numerals 'n stuff", "convert to roman numerals 'n stuff\convert to roman numerals 'n stuff.vcxproj", "{3DB92437-258E-4F8F-BA17-A5563DDFDAA2}"
EndProject
Project("{8BC9CEB8-8B4A-11D0-8D11-00A0C91BC942}") = "ASCII art and animation", "ASCII art and animation\ASCII art and animation.vcxproj", "{858AFAE2-AF4A-48DC-A901-0F128AE05954}"
EndProject
Project("{8BC9CEB8-8B4A-11D0-8D11-00A0C91BC942}") = "count characters in a string 'n stuff", "count characters in a string 'n stuff\count characters in a string 'n stuff.vcxproj", "{1D309BC9-20ED-4623-8F8C-E892188F9906}"
EndProject
Project("{8BC9CEB8-8B4A-11D0-8D11-00A0C91BC942}") = "looping made 'n stuff", "looping made 'n stuff\looping made 'n stuff.vcxproj", "{E2BA677F-7C52-47B2-9A42-A9B8253A780F}"
EndProject
Project("{8BC9CEB8-8B4A-11D0-8D11-00A0C91BC942}") = "fraction reducer 'n stuff", "fraction reducer 'n stuff\fraction reducer 'n stuff.vcxproj", "{A7480DD3-0B63-4B8D-AB3E-4E100D9228D2}"
EndProject
Project("{8BC9CEB8-8B4A-11D0-8D11-00A0C91BC942}") = "square root reducer 'n stuff", "square root reducer 'n stuff\square root reducer 'n stuff.vcxproj", "{00C29163-AB0C-43A4-A9B7-53AEEFE0B183}"
EndProject
Project("{8BC9CEB8-8B4A-11D0-8D11-00A0C91BC942}") = "fortune cookie 'n stuff", "fortune cookie 'n stuff\fortune cookie 'n stuff.vcxproj", "{BA2BB23D-1EB3-42E5-B7D6-F5D6A24A3B65}"
EndProject
Project("{8BC9CEB8-8B4A-11D0-8D11-00A0C91BC942}") = "function maze 'n stuff", "function maze 'n stuff\function maze 'n stuff.vcxproj", "{F19DAF5F-E908-4415-B8AA-0A5405636C92}"
EndProject
Project("{8BC9CEB8-8B4A-11D0-8D11-00A0C91BC942}") = "word reverser 'n stuff", "word reverser 'n stuff\word reverser 'n stuff.vcxproj", "{C225F3AA-4B80-44EB-85D2-B09308F0B28D}"
EndProject
Project("{8BC9CEB8-8B4A-11D0-8D11-00A0C91BC942}") = "concession stand 'n stuff", "concession stand 'n stuff\concession stand 'n stuff.vcxproj", "{316476E0-44C3-4D83-BC12-4A4582E03326}"
EndProject
Project("{8BC9CEB8-8B4A-11D0-8D11-00A0C91BC942}") = "personal data 'n stuff", "personal data 'n stuff\personal data 'n stuff.vcxproj", "{2E0FD350-0E80-4FA0-93BC-0A941F7AC385}"
EndProject
Project("{8BC9CEB8-8B4A-11D0-8D11-00A0C91BC942}") = "playing cards 'n stuff", "playing cards 'n stuff\playing cards 'n stuff.vcxproj", "{F925329F-1924-40CA-8FE2-0C84F641F099}"
EndProject
Project("{8BC9CEB8-8B4A-11D0-8D11-00A0C91BC942}") = "slope of a line 'n stuff", "slope of a line 'n stuff\slope of a line 'n stuff.vcxproj", "{2CBDB713-3BFE-43F0-BC1E-A0BB3BFFA635}"
EndProject
Project("{8BC9CEB8-8B4A-11D0-8D11-00A0C91BC942}") = "distance between points 'n stuff", "distance between points 'n stuff\distance between points 'n stuff.vcxproj", "{C912652E-8CBC-430F-96FB-41DADFFABA8F}"
EndProject
Project("{8BC9CEB8-8B4A-11D0-8D11-00A0C91BC942}") = "multiply vector values by scalar 'n stuff", "multiply vector values by scalar 'n stuff\multiply vector values by scalar 'n stuff.vcxproj", "{3F3A2430-3F90-40B7-AD23-849537CF33FD}"
EndProject
Project("{8BC9CEB8-8B4A-11D0-8D11-00A0C91BC942}") = "more fortunes 'n stuff", "more fortunes 'n stuff\more fortunes 'n stuff.vcxproj", "{8BE12AF5-4B33-4167-A49F-D67AEF831338}"
EndProject
Project("{8BC9CEB8-8B4A-11D0-8D11-00A0C91BC942}") = "sine and cosine loopup tables 'n stuff", "sine and cosine loopup tables 'n stuff\sine and cosine loopup tables 'n stuff.vcxproj", "{E77D8B15-995E-4C83-B446-ABF16F167C3A}"
EndProject
Project("{8BC9CEB8-8B4A-11D0-8D11-00A0C91BC942}") = "multiplication table flash cards 'n stuff", "multiplication table flash cards 'n stuff\multiplication table flash cards 'n stuff.vcxproj", "{D951C2E1-DBE3-48A5-8D9A-2BDAB227AD03}"
EndProject
Global
	GlobalSection(SolutionConfigurationPlatforms) = preSolution
		Debug|x64 = Debug|x64
		Debug|x86 = Debug|x86
		Release|x64 = Release|x64
		Release|x86 = Release|x86
	EndGlobalSection
	GlobalSection(ProjectConfigurationPlatforms) = postSolution
		{AA5B8892-40C9-4969-A8F5-BA1EE8FE6104}.Debug|x64.ActiveCfg = Debug|x64
		{AA5B8892-40C9-4969-A8F5-BA1EE8FE6104}.Debug|x64.Build.0 = Debug|x64
		{AA5B8892-40C9-4969-A8F5-BA1EE8FE6104}.Debug|x86.ActiveCfg = Debug|Win32
		{AA5B8892-40C9-4969-A8F5-BA1EE8FE6104}.Debug|x86.Build.0 = Debug|Win32
		{AA5B8892-40C9-4969-A8F5-BA1EE8FE6104}.Release|x64.ActiveCfg = Release|x64
		{AA5B8892-40C9-4969-A8F5-BA1EE8FE6104}.Release|x64.Build.0 = Release|x64
		{AA5B8892-40C9-4969-A8F5-BA1EE8FE6104}.Release|x86.ActiveCfg = Release|Win32
		{AA5B8892-40C9-4969-A8F5-BA1EE8FE6104}.Release|x86.Build.0 = Release|Win32
		{DAA3B678-4A4F-43B6-A37B-AF2D7A129358}.Debug|x64.ActiveCfg = Debug|x64
		{DAA3B678-4A4F-43B6-A37B-AF2D7A129358}.Debug|x64.Build.0 = Debug|x64
		{DAA3B678-4A4F-43B6-A37B-AF2D7A129358}.Debug|x86.ActiveCfg = Debug|Win32
		{DAA3B678-4A4F-43B6-A37B-AF2D7A129358}.Debug|x86.Build.0 = Debug|Win32
		{DAA3B678-4A4F-43B6-A37B-AF2D7A129358}.Release|x64.ActiveCfg = Release|x64
		{DAA3B678-4A4F-43B6-A37B-AF2D7A129358}.Release|x64.Build.0 = Release|x64
		{DAA3B678-4A4F-43B6-A37B-AF2D7A129358}.Release|x86.ActiveCfg = Release|Win32
		{DAA3B678-4A4F-43B6-A37B-AF2D7A129358}.Release|x86.Build.0 = Release|Win32
		{F6C25573-169F-4F5B-8969-3D4B6CE671DA}.Debug|x64.ActiveCfg = Debug|x64
		{F6C25573-169F-4F5B-8969-3D4B6CE671DA}.Debug|x64.Build.0 = Debug|x64
		{F6C25573-169F-4F5B-8969-3D4B6CE671DA}.Debug|x86.ActiveCfg = Debug|Win32
		{F6C25573-169F-4F5B-8969-3D4B6CE671DA}.Debug|x86.Build.0 = Debug|Win32
		{F6C25573-169F-4F5B-8969-3D4B6CE671DA}.Release|x64.ActiveCfg = Release|x64
		{F6C25573-169F-4F5B-8969-3D4B6CE671DA}.Release|x64.Build.0 = Release|x64
		{F6C25573-169F-4F5B-8969-3D4B6CE671DA}.Release|x86.ActiveCfg = Release|Win32
		{F6C25573-169F-4F5B-8969-3D4B6CE671DA}.Release|x86.Build.0 = Release|Win32
		{B46E5BB0-E279-4439-93D5-D3DCD59C6943}.Debug|x64.ActiveCfg = Debug|x64
		{B46E5BB0-E279-4439-93D5-D3DCD59C6943}.Debug|x64.Build.0 = Debug|x64
		{B46E5BB0-E279-4439-93D5-D3DCD59C6943}.Debug|x86.ActiveCfg = Debug|Win32
		{B46E5BB0-E279-4439-93D5-D3DCD59C6943}.Debug|x86.Build.0 = Debug|Win32
		{B46E5BB0-E279-4439-93D5-D3DCD59C6943}.Release|x64.ActiveCfg = Release|x64
		{B46E5BB0-E279-4439-93D5-D3DCD59C6943}.Release|x64.Build.0 = Release|x64
		{B46E5BB0-E279-4439-93D5-D3DCD59C6943}.Release|x86.ActiveCfg = Release|Win32
		{B46E5BB0-E279-4439-93D5-D3DCD59C6943}.Release|x86.Build.0 = Release|Win32
		{08B3B36C-64E1-420C-9219-BC73D934AE88}.Debug|x64.ActiveCfg = Debug|x64
		{08B3B36C-64E1-420C-9219-BC73D934AE88}.Debug|x64.Build.0 = Debug|x64
		{08B3B36C-64E1-420C-9219-BC73D934AE88}.Debug|x86.ActiveCfg = Debug|Win32
		{08B3B36C-64E1-420C-9219-BC73D934AE88}.Debug|x86.Build.0 = Debug|Win32
		{08B3B36C-64E1-420C-9219-BC73D934AE88}.Release|x64.ActiveCfg = Release|x64
		{08B3B36C-64E1-420C-9219-BC73D934AE88}.Release|x64.Build.0 = Release|x64
		{08B3B36C-64E1-420C-9219-BC73D934AE88}.Release|x86.ActiveCfg = Release|Win32
		{08B3B36C-64E1-420C-9219-BC73D934AE88}.Release|x86.Build.0 = Release|Win32
		{EF476E80-7607-46C0-B866-1F57618F8CA3}.Debug|x64.ActiveCfg = Debug|x64
		{EF476E80-7607-46C0-B866-1F57618F8CA3}.Debug|x64.Build.0 = Debug|x64
		{EF476E80-7607-46C0-B866-1F57618F8CA3}.Debug|x86.ActiveCfg = Debug|Win32
		{EF476E80-7607-46C0-B866-1F57618F8CA3}.Debug|x86.Build.0 = Debug|Win32
		{EF476E80-7607-46C0-B866-1F57618F8CA3}.Release|x64.ActiveCfg = Release|x64
		{EF476E80-7607-46C0-B866-1F57618F8CA3}.Release|x64.Build.0 = Release|x64
		{EF476E80-7607-46C0-B866-1F57618F8CA3}.Release|x86.ActiveCfg = Release|Win32
		{EF476E80-7607-46C0-B866-1F57618F8CA3}.Release|x86.Build.0 = Release|Win32
		{1F3E1195-67B8-431A-A56B-8CB0AE9F9CD6}.Debug|x64.ActiveCfg = Debug|x64
		{1F3E1195-67B8-431A-A56B-8CB0AE9F9CD6}.Debug|x64.Build.0 = Debug|x64
		{1F3E1195-67B8-431A-A56B-8CB0AE9F9CD6}.Debug|x86.ActiveCfg = Debug|Win32
		{1F3E1195-67B8-431A-A56B-8CB0AE9F9CD6}.Debug|x86.Build.0 = Debug|Win32
		{1F3E1195-67B8-431A-A56B-8CB0AE9F9CD6}.Release|x64.ActiveCfg = Release|x64
		{1F3E1195-67B8-431A-A56B-8CB0AE9F9CD6}.Release|x64.Build.0 = Release|x64
		{1F3E1195-67B8-431A-A56B-8CB0AE9F9CD6}.Release|x86.ActiveCfg = Release|Win32
		{1F3E1195-67B8-431A-A56B-8CB0AE9F9CD6}.Release|x86.Build.0 = Release|Win32
		{C78EA0CB-0C52-4C7B-8761-DEBE7A5F8F66}.Debug|x64.ActiveCfg = Debug|x64
		{C78EA0CB-0C52-4C7B-8761-DEBE7A5F8F66}.Debug|x64.Build.0 = Debug|x64
		{C78EA0CB-0C52-4C7B-8761-DEBE7A5F8F66}.Debug|x86.ActiveCfg = Debug|Win32
		{C78EA0CB-0C52-4C7B-8761-DEBE7A5F8F66}.Debug|x86.Build.0 = Debug|Win32
		{C78EA0CB-0C52-4C7B-8761-DEBE7A5F8F66}.Release|x64.ActiveCfg = Release|x64
		{C78EA0CB-0C52-4C7B-8761-DEBE7A5F8F66}.Release|x64.Build.0 = Release|x64
		{C78EA0CB-0C52-4C7B-8761-DEBE7A5F8F66}.Release|x86.ActiveCfg = Release|Win32
		{C78EA0CB-0C52-4C7B-8761-DEBE7A5F8F66}.Release|x86.Build.0 = Release|Win32
		{DCAB13E7-B521-46DC-AB72-945B46912827}.Debug|x64.ActiveCfg = Debug|x64
		{DCAB13E7-B521-46DC-AB72-945B46912827}.Debug|x64.Build.0 = Debug|x64
		{DCAB13E7-B521-46DC-AB72-945B46912827}.Debug|x86.ActiveCfg = Debug|Win32
		{DCAB13E7-B521-46DC-AB72-945B46912827}.Debug|x86.Build.0 = Debug|Win32
		{DCAB13E7-B521-46DC-AB72-945B46912827}.Release|x64.ActiveCfg = Release|x64
		{DCAB13E7-B521-46DC-AB72-945B46912827}.Release|x64.Build.0 = Release|x64
		{DCAB13E7-B521-46DC-AB72-945B46912827}.Release|x86.ActiveCfg = Release|Win32
		{DCAB13E7-B521-46DC-AB72-945B46912827}.Release|x86.Build.0 = Release|Win32
		{F107EAAB-F008-4491-A569-B1A2CD7527AF}.Debug|x64.ActiveCfg = Debug|x64
		{F107EAAB-F008-4491-A569-B1A2CD7527AF}.Debug|x64.Build.0 = Debug|x64
		{F107EAAB-F008-4491-A569-B1A2CD7527AF}.Debug|x86.ActiveCfg = Debug|Win32
		{F107EAAB-F008-4491-A569-B1A2CD7527AF}.Debug|x86.Build.0 = Debug|Win32
		{F107EAAB-F008-4491-A569-B1A2CD7527AF}.Release|x64.ActiveCfg = Release|x64
		{F107EAAB-F008-4491-A569-B1A2CD7527AF}.Release|x64.Build.0 = Release|x64
		{F107EAAB-F008-4491-A569-B1A2CD7527AF}.Release|x86.ActiveCfg = Release|Win32
		{F107EAAB-F008-4491-A569-B1A2CD7527AF}.Release|x86.Build.0 = Release|Win32
		{F1A8C994-7326-4648-A952-F8F7A454E081}.Debug|x64.ActiveCfg = Debug|x64
		{F1A8C994-7326-4648-A952-F8F7A454E081}.Debug|x64.Build.0 = Debug|x64
		{F1A8C994-7326-4648-A952-F8F7A454E081}.Debug|x86.ActiveCfg = Debug|Win32
		{F1A8C994-7326-4648-A952-F8F7A454E081}.Debug|x86.Build.0 = Debug|Win32
		{F1A8C994-7326-4648-A952-F8F7A454E081}.Release|x64.ActiveCfg = Release|x64
		{F1A8C994-7326-4648-A952-F8F7A454E081}.Release|x64.Build.0 = Release|x64
		{F1A8C994-7326-4648-A952-F8F7A454E081}.Release|x86.ActiveCfg = Release|Win32
		{F1A8C994-7326-4648-A952-F8F7A454E081}.Release|x86.Build.0 = Release|Win32
		{246DE39C-444A-4AC5-86D5-3E598FF1C5F3}.Debug|x64.ActiveCfg = Debug|x64
		{246DE39C-444A-4AC5-86D5-3E598FF1C5F3}.Debug|x64.Build.0 = Debug|x64
		{246DE39C-444A-4AC5-86D5-3E598FF1C5F3}.Debug|x86.ActiveCfg = Debug|Win32
		{246DE39C-444A-4AC5-86D5-3E598FF1C5F3}.Debug|x86.Build.0 = Debug|Win32
		{246DE39C-444A-4AC5-86D5-3E598FF1C5F3}.Release|x64.ActiveCfg = Release|x64
		{246DE39C-444A-4AC5-86D5-3E598FF1C5F3}.Release|x64.Build.0 = Release|x64
		{246DE39C-444A-4AC5-86D5-3E598FF1C5F3}.Release|x86.ActiveCfg = Release|Win32
		{246DE39C-444A-4AC5-86D5-3E598FF1C5F3}.Release|x86.Build.0 = Release|Win32
		{9D503255-99F0-407F-A9C8-DF624F040CD5}.Debug|x64.ActiveCfg = Debug|x64
		{9D503255-99F0-407F-A9C8-DF624F040CD5}.Debug|x64.Build.0 = Debug|x64
		{9D503255-99F0-407F-A9C8-DF624F040CD5}.Debug|x86.ActiveCfg = Debug|Win32
		{9D503255-99F0-407F-A9C8-DF624F040CD5}.Debug|x86.Build.0 = Debug|Win32
		{9D503255-99F0-407F-A9C8-DF624F040CD5}.Release|x64.ActiveCfg = Release|x64
		{9D503255-99F0-407F-A9C8-DF624F040CD5}.Release|x64.Build.0 = Release|x64
		{9D503255-99F0-407F-A9C8-DF624F040CD5}.Release|x86.ActiveCfg = Release|Win32
		{9D503255-99F0-407F-A9C8-DF624F040CD5}.Release|x86.Build.0 = Release|Win32
		{48F17357-A376-42B1-B9C4-093F1423DB4E}.Debug|x64.ActiveCfg = Debug|x64
		{48F17357-A376-42B1-B9C4-093F1423DB4E}.Debug|x64.Build.0 = Debug|x64
		{48F17357-A376-42B1-B9C4-093F1423DB4E}.Debug|x86.ActiveCfg = Debug|Win32
		{48F17357-A376-42B1-B9C4-093F1423DB4E}.Debug|x86.Build.0 = Debug|Win32
		{48F17357-A376-42B1-B9C4-093F1423DB4E}.Release|x64.ActiveCfg = Release|x64
		{48F17357-A376-42B1-B9C4-093F1423DB4E}.Release|x64.Build.0 = Release|x64
		{48F17357-A376-42B1-B9C4-093F1423DB4E}.Release|x86.ActiveCfg = Release|Win32
		{48F17357-A376-42B1-B9C4-093F1423DB4E}.Release|x86.Build.0 = Release|Win32
		{22F049F1-DD7F-4F26-A347-EADE0D91E93B}.Debug|x64.ActiveCfg = Debug|x64
		{22F049F1-DD7F-4F26-A347-EADE0D91E93B}.Debug|x64.Build.0 = Debug|x64
		{22F049F1-DD7F-4F26-A347-EADE0D91E93B}.Debug|x86.ActiveCfg = Debug|Win32
		{22F049F1-DD7F-4F26-A347-EADE0D91E93B}.Debug|x86.Build.0 = Debug|Win32
		{22F049F1-DD7F-4F26-A347-EADE0D91E93B}.Release|x64.ActiveCfg = Release|x64
		{22F049F1-DD7F-4F26-A347-EADE0D91E93B}.Release|x64.Build.0 = Release|x64
		{22F049F1-DD7F-4F26-A347-EADE0D91E93B}.Release|x86.ActiveCfg = Release|Win32
		{22F049F1-DD7F-4F26-A347-EADE0D91E93B}.Release|x86.Build.0 = Release|Win32
		{3DB92437-258E-4F8F-BA17-A5563DDFDAA2}.Debug|x64.ActiveCfg = Debug|x64
		{3DB92437-258E-4F8F-BA17-A5563DDFDAA2}.Debug|x64.Build.0 = Debug|x64
		{3DB92437-258E-4F8F-BA17-A5563DDFDAA2}.Debug|x86.ActiveCfg = Debug|Win32
		{3DB92437-258E-4F8F-BA17-A5563DDFDAA2}.Debug|x86.Build.0 = Debug|Win32
		{3DB92437-258E-4F8F-BA17-A5563DDFDAA2}.Release|x64.ActiveCfg = Release|x64
		{3DB92437-258E-4F8F-BA17-A5563DDFDAA2}.Release|x64.Build.0 = Release|x64
		{3DB92437-258E-4F8F-BA17-A5563DDFDAA2}.Release|x86.ActiveCfg = Release|Win32
		{3DB92437-258E-4F8F-BA17-A5563DDFDAA2}.Release|x86.Build.0 = Release|Win32
		{858AFAE2-AF4A-48DC-A901-0F128AE05954}.Debug|x64.ActiveCfg = Debug|x64
		{858AFAE2-AF4A-48DC-A901-0F128AE05954}.Debug|x64.Build.0 = Debug|x64
		{858AFAE2-AF4A-48DC-A901-0F128AE05954}.Debug|x86.ActiveCfg = Debug|Win32
		{858AFAE2-AF4A-48DC-A901-0F128AE05954}.Debug|x86.Build.0 = Debug|Win32
		{858AFAE2-AF4A-48DC-A901-0F128AE05954}.Release|x64.ActiveCfg = Release|x64
		{858AFAE2-AF4A-48DC-A901-0F128AE05954}.Release|x64.Build.0 = Release|x64
		{858AFAE2-AF4A-48DC-A901-0F128AE05954}.Release|x86.ActiveCfg = Release|Win32
		{858AFAE2-AF4A-48DC-A901-0F128AE05954}.Release|x86.Build.0 = Release|Win32
		{1D309BC9-20ED-4623-8F8C-E892188F9906}.Debug|x64.ActiveCfg = Debug|x64
		{1D309BC9-20ED-4623-8F8C-E892188F9906}.Debug|x64.Build.0 = Debug|x64
		{1D309BC9-20ED-4623-8F8C-E892188F9906}.Debug|x86.ActiveCfg = Debug|Win32
		{1D309BC9-20ED-4623-8F8C-E892188F9906}.Debug|x86.Build.0 = Debug|Win32
		{1D309BC9-20ED-4623-8F8C-E892188F9906}.Release|x64.ActiveCfg = Release|x64
		{1D309BC9-20ED-4623-8F8C-E892188F9906}.Release|x64.Build.0 = Release|x64
		{1D309BC9-20ED-4623-8F8C-E892188F9906}.Release|x86.ActiveCfg = Release|Win32
		{1D309BC9-20ED-4623-8F8C-E892188F9906}.Release|x86.Build.0 = Release|Win32
		{E2BA677F-7C52-47B2-9A42-A9B8253A780F}.Debug|x64.ActiveCfg = Debug|x64
		{E2BA677F-7C52-47B2-9A42-A9B8253A780F}.Debug|x64.Build.0 = Debug|x64
		{E2BA677F-7C52-47B2-9A42-A9B8253A780F}.Debug|x86.ActiveCfg = Debug|Win32
		{E2BA677F-7C52-47B2-9A42-A9B8253A780F}.Debug|x86.Build.0 = Debug|Win32
		{E2BA677F-7C52-47B2-9A42-A9B8253A780F}.Release|x64.ActiveCfg = Release|x64
		{E2BA677F-7C52-47B2-9A42-A9B8253A780F}.Release|x64.Build.0 = Release|x64
		{E2BA677F-7C52-47B2-9A42-A9B8253A780F}.Release|x86.ActiveCfg = Release|Win32
		{E2BA677F-7C52-47B2-9A42-A9B8253A780F}.Release|x86.Build.0 = Release|Win32
		{A7480DD3-0B63-4B8D-AB3E-4E100D9228D2}.Debug|x64.ActiveCfg = Debug|x64
		{A7480DD3-0B63-4B8D-AB3E-4E100D9228D2}.Debug|x64.Build.0 = Debug|x64
		{A7480DD3-0B63-4B8D-AB3E-4E100D9228D2}.Debug|x86.ActiveCfg = Debug|Win32
		{A7480DD3-0B63-4B8D-AB3E-4E100D9228D2}.Debug|x86.Build.0 = Debug|Win32
		{A7480DD3-0B63-4B8D-AB3E-4E100D9228D2}.Release|x64.ActiveCfg = Release|x64
		{A7480DD3-0B63-4B8D-AB3E-4E100D9228D2}.Release|x64.Build.0 = Release|x64
		{A7480DD3-0B63-4B8D-AB3E-4E100D9228D2}.Release|x86.ActiveCfg = Release|Win32
		{A7480DD3-0B63-4B8D-AB3E-4E100D9228D2}.Release|x86.Build.0 = Release|Win32
		{00C29163-AB0C-43A4-A9B7-53AEEFE0B183}.Debug|x64.ActiveCfg = Debug|x64
		{00C29163-AB0C-43A4-A9B7-53AEEFE0B183}.Debug|x64.Build.0 = Debug|x64
		{00C29163-AB0C-43A4-A9B7-53AEEFE0B183}.Debug|x86.ActiveCfg = Debug|Win32
		{00C29163-AB0C-43A4-A9B7-53AEEFE0B183}.Debug|x86.Build.0 = Debug|Win32
		{00C29163-AB0C-43A4-A9B7-53AEEFE0B183}.Release|x64.ActiveCfg = Release|x64
		{00C29163-AB0C-43A4-A9B7-53AEEFE0B183}.Release|x64.Build.0 = Release|x64
		{00C29163-AB0C-43A4-A9B7-53AEEFE0B183}.Release|x86.ActiveCfg = Release|Win32
		{00C29163-AB0C-43A4-A9B7-53AEEFE0B183}.Release|x86.Build.0 = Release|Win32
		{BA2BB23D-1EB3-42E5-B7D6-F5D6A24A3B65}.Debug|x64.ActiveCfg = Debug|x64
		{BA2BB23D-1EB3-42E5-B7D6-F5D6A24A3B65}.Debug|x64.Build.0 = Debug|x64
		{BA2BB23D-1EB3-42E5-B7D6-F5D6A24A3B65}.Debug|x86.ActiveCfg = Debug|Win32
		{BA2BB23D-1EB3-42E5-B7D6-F5D6A24A3B65}.Debug|x86.Build.0 = Debug|Win32
		{BA2BB23D-1EB3-42E5-B7D6-F5D6A24A3B65}.Release|x64.ActiveCfg = Release|x64
		{BA2BB23D-1EB3-42E5-B7D6-F5D6A24A3B65}.Release|x64.Build.0 = Release|x64
		{BA2BB23D-1EB3-42E5-B7D6-F5D6A24A3B65}.Release|x86.ActiveCfg = Release|Win32
		{BA2BB23D-1EB3-42E5-B7D6-F5D6A24A3B65}.Release|x86.Build.0 = Release|Win32
		{F19DAF5F-E908-4415-B8AA-0A5405636C92}.Debug|x64.ActiveCfg = Debug|x64
		{F19DAF5F-E908-4415-B8AA-0A5405636C92}.Debug|x64.Build.0 = Debug|x64
		{F19DAF5F-E908-4415-B8AA-0A5405636C92}.Debug|x86.ActiveCfg = Debug|Win32
		{F19DAF5F-E908-4415-B8AA-0A5405636C92}.Debug|x86.Build.0 = Debug|Win32
		{F19DAF5F-E908-4415-B8AA-0A5405636C92}.Release|x64.ActiveCfg = Release|x64
		{F19DAF5F-E908-4415-B8AA-0A5405636C92}.Release|x64.Build.0 = Release|x64
		{F19DAF5F-E908-4415-B8AA-0A5405636C92}.Release|x86.ActiveCfg = Release|Win32
		{F19DAF5F-E908-4415-B8AA-0A5405636C92}.Release|x86.Build.0 = Release|Win32
		{C225F3AA-4B80-44EB-85D2-B09308F0B28D}.Debug|x64.ActiveCfg = Debug|x64
		{C225F3AA-4B80-44EB-85D2-B09308F0B28D}.Debug|x64.Build.0 = Debug|x64
		{C225F3AA-4B80-44EB-85D2-B09308F0B28D}.Debug|x86.ActiveCfg = Debug|Win32
		{C225F3AA-4B80-44EB-85D2-B09308F0B28D}.Debug|x86.Build.0 = Debug|Win32
		{C225F3AA-4B80-44EB-85D2-B09308F0B28D}.Release|x64.ActiveCfg = Release|x64
		{C225F3AA-4B80-44EB-85D2-B09308F0B28D}.Release|x64.Build.0 = Release|x64
		{C225F3AA-4B80-44EB-85D2-B09308F0B28D}.Release|x86.ActiveCfg = Release|Win32
		{C225F3AA-4B80-44EB-85D2-B09308F0B28D}.Release|x86.Build.0 = Release|Win32
		{316476E0-44C3-4D83-BC12-4A4582E03326}.Debug|x64.ActiveCfg = Debug|x64
		{316476E0-44C3-4D83-BC12-4A4582E03326}.Debug|x64.Build.0 = Debug|x64
		{316476E0-44C3-4D83-BC12-4A4582E03326}.Debug|x86.ActiveCfg = Debug|Win32
		{316476E0-44C3-4D83-BC12-4A4582E03326}.Debug|x86.Build.0 = Debug|Win32
		{316476E0-44C3-4D83-BC12-4A4582E03326}.Release|x64.ActiveCfg = Release|x64
		{316476E0-44C3-4D83-BC12-4A4582E03326}.Release|x64.Build.0 = Release|x64
		{316476E0-44C3-4D83-BC12-4A4582E03326}.Release|x86.ActiveCfg = Release|Win32
		{316476E0-44C3-4D83-BC12-4A4582E03326}.Release|x86.Build.0 = Release|Win32
		{2E0FD350-0E80-4FA0-93BC-0A941F7AC385}.Debug|x64.ActiveCfg = Debug|x64
		{2E0FD350-0E80-4FA0-93BC-0A941F7AC385}.Debug|x64.Build.0 = Debug|x64
		{2E0FD350-0E80-4FA0-93BC-0A941F7AC385}.Debug|x86.ActiveCfg = Debug|Win32
		{2E0FD350-0E80-4FA0-93BC-0A941F7AC385}.Debug|x86.Build.0 = Debug|Win32
		{2E0FD350-0E80-4FA0-93BC-0A941F7AC385}.Release|x64.ActiveCfg = Release|x64
		{2E0FD350-0E80-4FA0-93BC-0A941F7AC385}.Release|x64.Build.0 = Release|x64
		{2E0FD350-0E80-4FA0-93BC-0A941F7AC385}.Release|x86.ActiveCfg = Release|Win32
		{2E0FD350-0E80-4FA0-93BC-0A941F7AC385}.Release|x86.Build.0 = Release|Win32
		{F925329F-1924-40CA-8FE2-0C84F641F099}.Debug|x64.ActiveCfg = Debug|x64
		{F925329F-1924-40CA-8FE2-0C84F641F099}.Debug|x64.Build.0 = Debug|x64
		{F925329F-1924-40CA-8FE2-0C84F641F099}.Debug|x86.ActiveCfg = Debug|Win32
		{F925329F-1924-40CA-8FE2-0C84F641F099}.Debug|x86.Build.0 = Debug|Win32
		{F925329F-1924-40CA-8FE2-0C84F641F099}.Release|x64.ActiveCfg = Release|x64
		{F925329F-1924-40CA-8FE2-0C84F641F099}.Release|x64.Build.0 = Release|x64
		{F925329F-1924-40CA-8FE2-0C84F641F099}.Release|x86.ActiveCfg = Release|Win32
		{F925329F-1924-40CA-8FE2-0C84F641F099}.Release|x86.Build.0 = Release|Win32
		{2CBDB713-3BFE-43F0-BC1E-A0BB3BFFA635}.Debug|x64.ActiveCfg = Debug|x64
		{2CBDB713-3BFE-43F0-BC1E-A0BB3BFFA635}.Debug|x64.Build.0 = Debug|x64
		{2CBDB713-3BFE-43F0-BC1E-A0BB3BFFA635}.Debug|x86.ActiveCfg = Debug|Win32
		{2CBDB713-3BFE-43F0-BC1E-A0BB3BFFA635}.Debug|x86.Build.0 = Debug|Win32
		{2CBDB713-3BFE-43F0-BC1E-A0BB3BFFA635}.Release|x64.ActiveCfg = Release|x64
		{2CBDB713-3BFE-43F0-BC1E-A0BB3BFFA635}.Release|x64.Build.0 = Release|x64
		{2CBDB713-3BFE-43F0-BC1E-A0BB3BFFA635}.Release|x86.ActiveCfg = Release|Win32
		{2CBDB713-3BFE-43F0-BC1E-A0BB3BFFA635}.Release|x86.Build.0 = Release|Win32
		{C912652E-8CBC-430F-96FB-41DADFFABA8F}.Debug|x64.ActiveCfg = Debug|x64
		{C912652E-8CBC-430F-96FB-41DADFFABA8F}.Debug|x64.Build.0 = Debug|x64
		{C912652E-8CBC-430F-96FB-41DADFFABA8F}.Debug|x86.ActiveCfg = Debug|Win32
		{C912652E-8CBC-430F-96FB-41DADFFABA8F}.Debug|x86.Build.0 = Debug|Win32
		{C912652E-8CBC-430F-96FB-41DADFFABA8F}.Release|x64.ActiveCfg = Release|x64
		{C912652E-8CBC-430F-96FB-41DADFFABA8F}.Release|x64.Build.0 = Release|x64
		{C912652E-8CBC-430F-96FB-41DADFFABA8F}.Release|x86.ActiveCfg = Release|Win32
		{C912652E-8CBC-430F-96FB-41DADFFABA8F}.Release|x86.Build.0 = Release|Win32
		{3F3A2430-3F90-40B7-AD23-849537CF33FD}.Debug|x64.ActiveCfg = Debug|x64
		{3F3A2430-3F90-40B7-AD23-849537CF33FD}.Debug|x64.Build.0 = Debug|x64
		{3F3A2430-3F90-40B7-AD23-849537CF33FD}.Debug|x86.ActiveCfg = Debug|Win32
		{3F3A2430-3F90-40B7-AD23-849537CF33FD}.Debug|x86.Build.0 = Debug|Win32
		{3F3A2430-3F90-40B7-AD23-849537CF33FD}.Release|x64.ActiveCfg = Release|x64
		{3F3A2430-3F90-40B7-AD23-849537CF33FD}.Release|x64.Build.0 = Release|x64
		{3F3A2430-3F90-40B7-AD23-849537CF33FD}.Release|x86.ActiveCfg = Release|Win32
		{3F3A2430-3F90-40B7-AD23-849537CF33FD}.Release|x86.Build.0 = Release|Win32
		{8BE12AF5-4B33-4167-A49F-D67AEF831338}.Debug|x64.ActiveCfg = Debug|x64
		{8BE12AF5-4B33-4167-A49F-D67AEF831338}.Debug|x64.Build.0 = Debug|x64
		{8BE12AF5-4B33-4167-A49F-D67AEF831338}.Debug|x86.ActiveCfg = Debug|Win32
		{8BE12AF5-4B33-4167-A49F-D67AEF831338}.Debug|x86.Build.0 = Debug|Win32
		{8BE12AF5-4B33-4167-A49F-D67AEF831338}.Release|x64.ActiveCfg = Release|x64
		{8BE12AF5-4B33-4167-A49F-D67AEF831338}.Release|x64.Build.0 = Release|x64
		{8BE12AF5-4B33-4167-A49F-D67AEF831338}.Release|x86.ActiveCfg = Release|Win32
		{8BE12AF5-4B33-4167-A49F-D67AEF831338}.Release|x86.Build.0 = Release|Win32
		{E77D8B15-995E-4C83-B446-ABF16F167C3A}.Debug|x64.ActiveCfg = Debug|x64
		{E77D8B15-995E-4C83-B446-ABF16F167C3A}.Debug|x64.Build.0 = Debug|x64
		{E77D8B15-995E-4C83-B446-ABF16F167C3A}.Debug|x86.ActiveCfg = Debug|Win32
		{E77D8B15-995E-4C83-B446-ABF16F167C3A}.Debug|x86.Build.0 = Debug|Win32
		{E77D8B15-995E-4C83-B446-ABF16F167C3A}.Release|x64.ActiveCfg = Release|x64
		{E77D8B15-995E-4C83-B446-ABF16F167C3A}.Release|x64.Build.0 = Release|x64
		{E77D8B15-995E-4C83-B446-ABF16F167C3A}.Release|x86.ActiveCfg = Release|Win32
		{E77D8B15-995E-4C83-B446-ABF16F167C3A}.Release|x86.Build.0 = Release|Win32
		{D951C2E1-DBE3-48A5-8D9A-2BDAB227AD03}.Debug|x64.ActiveCfg = Debug|x64
		{D951C2E1-DBE3-48A5-8D9A-2BDAB227AD03}.Debug|x64.Build.0 = Debug|x64
		{D951C2E1-DBE3-48A5-8D9A-2BDAB227AD03}.Debug|x86.ActiveCfg = Debug|Win32
		{D951C2E1-DBE3-48A5-8D9A-2BDAB227AD03}.Debug|x86.Build.0 = Debug|Win32
		{D951C2E1-DBE3-48A5-8D9A-2BDAB227AD03}.Release|x64.ActiveCfg = Release|x64
		{D951C2E1-DBE3-48A5-8D9A-2BDAB227AD03}.Release|x64.Build.0 = Release|x64
		{D951C2E1-DBE3-48A5-8D9A-2BDAB227AD03}.Release|x86.ActiveCfg = Release|Win32
		{D951C2E1-DBE3-48A5-8D9A-2BDAB227AD03}.Release|x86.Build.0 = Release|Win32
	EndGlobalSection
	GlobalSection(SolutionProperties) = preSolution
		HideSolutionNode = FALSE
	EndGlobalSection
	GlobalSection(ExtensibilityGlobals) = postSolution
		SolutionGuid = {2879D413-FE4C-4051-A846-2FA3EA355517}
	EndGlobalSection
EndGlobal
